
Microsoft Visual Studio Solution File, Format Version 12.00
# Visual Studio 14
VisualStudioVersion = 14.0.25420.1
MinimumVisualStudioVersion = 10.0.40219.1
Project("{FAE04EC0-301F-11D3-BF4B-00C04F79EFBC}") = "XFPages.Droid", "XFPages\XFPages.Droid\XFPages.Droid.csproj", "{13D55BB3-7C60-4E26-8786-0C891C87CC44}"
EndProject
Project("{FAE04EC0-301F-11D3-BF4B-00C04F79EFBC}") = "XFPages", "XFPages\XFPages\XFPages.csproj", "{4E5A4146-1522-4F2C-A519-C5942A0B6991}"
EndProject
Global
	GlobalSection(SolutionConfigurationPlatforms) = preSolution
		Ad-Hoc|Any CPU = Ad-Hoc|Any CPU
		Ad-Hoc|ARM = Ad-Hoc|ARM
		Ad-Hoc|iPhone = Ad-Hoc|iPhone
		Ad-Hoc|iPhoneSimulator = Ad-Hoc|iPhoneSimulator
		Ad-Hoc|x64 = Ad-Hoc|x64
		Ad-Hoc|x86 = Ad-Hoc|x86
		AppStore|Any CPU = AppStore|Any CPU
		AppStore|ARM = AppStore|ARM
		AppStore|iPhone = AppStore|iPhone
		AppStore|iPhoneSimulator = AppStore|iPhoneSimulator
		AppStore|x64 = AppStore|x64
		AppStore|x86 = AppStore|x86
		Debug|Any CPU = Debug|Any CPU
		Debug|ARM = Debug|ARM
		Debug|iPhone = Debug|iPhone
		Debug|iPhoneSimulator = Debug|iPhoneSimulator
		Debug|x64 = Debug|x64
		Debug|x86 = Debug|x86
		Release|Any CPU = Release|Any CPU
		Release|ARM = Release|ARM
		Release|iPhone = Release|iPhone
		Release|iPhoneSimulator = Release|iPhoneSimulator
		Release|x64 = Release|x64
		Release|x86 = Release|x86
	EndGlobalSection
	GlobalSection(ProjectConfigurationPlatforms) = postSolution
		{13D55BB3-7C60-4E26-8786-0C891C87CC44}.Ad-Hoc|Any CPU.ActiveCfg = Release|Any CPU
		{13D55BB3-7C60-4E26-8786-0C891C87CC44}.Ad-Hoc|Any CPU.Build.0 = Release|Any CPU
		{13D55BB3-7C60-4E26-8786-0C891C87CC44}.Ad-Hoc|Any CPU.Deploy.0 = Release|Any CPU
		{13D55BB3-7C60-4E26-8786-0C891C87CC44}.Ad-Hoc|ARM.ActiveCfg = Release|Any CPU
		{13D55BB3-7C60-4E26-8786-0C891C87CC44}.Ad-Hoc|ARM.Build.0 = Release|Any CPU
		{13D55BB3-7C60-4E26-8786-0C891C87CC44}.Ad-Hoc|ARM.Deploy.0 = Release|Any CPU
		{13D55BB3-7C60-4E26-8786-0C891C87CC44}.Ad-Hoc|iPhone.ActiveCfg = Release|Any CPU
		{13D55BB3-7C60-4E26-8786-0C891C87CC44}.Ad-Hoc|iPhone.Build.0 = Release|Any CPU
		{13D55BB3-7C60-4E26-8786-0C891C87CC44}.Ad-Hoc|iPhone.Deploy.0 = Release|Any CPU
		{13D55BB3-7C60-4E26-8786-0C891C87CC44}.Ad-Hoc|iPhoneSimulator.ActiveCfg = Release|Any CPU
		{13D55BB3-7C60-4E26-8786-0C891C87CC44}.Ad-Hoc|iPhoneSimulator.Build.0 = Release|Any CPU
		{13D55BB3-7C60-4E26-8786-0C891C87CC44}.Ad-Hoc|iPhoneSimulator.Deploy.0 = Release|Any CPU
		{13D55BB3-7C60-4E26-8786-0C891C87CC44}.Ad-Hoc|x64.ActiveCfg = Release|Any CPU
		{13D55BB3-7C60-4E26-8786-0C891C87CC44}.Ad-Hoc|x64.Build.0 = Release|Any CPU
		{13D55BB3-7C60-4E26-8786-0C891C87CC44}.Ad-Hoc|x64.Deploy.0 = Release|Any CPU
		{13D55BB3-7C60-4E26-8786-0C891C87CC44}.Ad-Hoc|x86.ActiveCfg = Release|Any CPU
		{13D55BB3-7C60-4E26-8786-0C891C87CC44}.Ad-Hoc|x86.Build.0 = Release|Any CPU
		{13D55BB3-7C60-4E26-8786-0C891C87CC44}.Ad-Hoc|x86.Deploy.0 = Release|Any CPU
		{13D55BB3-7C60-4E26-8786-0C891C87CC44}.AppStore|Any CPU.ActiveCfg = Release|Any CPU
		{13D55BB3-7C60-4E26-8786-0C891C87CC44}.AppStore|Any CPU.Build.0 = Release|Any CPU
		{13D55BB3-7C60-4E26-8786-0C891C87CC44}.AppStore|Any CPU.Deploy.0 = Release|Any CPU
		{13D55BB3-7C60-4E26-8786-0C891C87CC44}.AppStore|ARM.ActiveCfg = Release|Any CPU
		{13D55BB3-7C60-4E26-8786-0C891C87CC44}.AppStore|ARM.Build.0 = Release|Any CPU
		{13D55BB3-7C60-4E26-8786-0C891C87CC44}.AppStore|ARM.Deploy.0 = Release|Any CPU
		{13D55BB3-7C60-4E26-8786-0C891C87CC44}.AppStore|iPhone.ActiveCfg = Release|Any CPU
		{13D55BB3-7C60-4E26-8786-0C891C87CC44}.AppStore|iPhone.Build.0 = Release|Any CPU
		{13D55BB3-7C60-4E26-8786-0C891C87CC44}.AppStore|iPhone.Deploy.0 = Release|Any CPU
		{13D55BB3-7C60-4E26-8786-0C891C87CC44}.AppStore|iPhoneSimulator.ActiveCfg = Release|Any CPU
		{13D55BB3-7C60-4E26-8786-0C891C87CC44}.AppStore|iPhoneSimulator.Build.0 = Release|Any CPU
		{13D55BB3-7C60-4E26-8786-0C891C87CC44}.AppStore|iPhoneSimulator.Deploy.0 = Release|Any CPU
		{13D55BB3-7C60-4E26-8786-0C891C87CC44}.AppStore|x64.ActiveCfg = Release|Any CPU
		{13D55BB3-7C60-4E26-8786-0C891C87CC44}.AppStore|x64.Build.0 = Release|Any CPU
		{13D55BB3-7C60-4E26-8786-0C891C87CC44}.AppStore|x64.Deploy.0 = Release|Any CPU
		{13D55BB3-7C60-4E26-8786-0C891C87CC44}.AppStore|x86.ActiveCfg = Release|Any CPU
		{13D55BB3-7C60-4E26-8786-0C891C87CC44}.AppStore|x86.Build.0 = Release|Any CPU
		{13D55BB3-7C60-4E26-8786-0C891C87CC44}.AppStore|x86.Deploy.0 = Release|Any CPU
		{13D55BB3-7C60-4E26-8786-0C891C87CC44}.Debug|Any CPU.ActiveCfg = Debug|Any CPU
		{13D55BB3-7C60-4E26-8786-0C891C87CC44}.Debug|Any CPU.Build.0 = Debug|Any CPU
		{13D55BB3-7C60-4E26-8786-0C891C87CC44}.Debug|Any CPU.Deploy.0 = Debug|Any CPU
		{13D55BB3-7C60-4E26-8786-0C891C87CC44}.Debug|ARM.ActiveCfg = Debug|Any CPU
		{13D55BB3-7C60-4E26-8786-0C891C87CC44}.Debug|ARM.Build.0 = Debug|Any CPU
		{13D55BB3-7C60-4E26-8786-0C891C87CC44}.Debug|ARM.Deploy.0 = Debug|Any CPU
		{13D55BB3-7C60-4E26-8786-0C891C87CC44}.Debug|iPhone.ActiveCfg = Debug|Any CPU
		{13D55BB3-7C60-4E26-8786-0C891C87CC44}.Debug|iPhone.Build.0 = Debug|Any CPU
		{13D55BB3-7C60-4E26-8786-0C891C87CC44}.Debug|iPhone.Deploy.0 = Debug|Any CPU
		{13D55BB3-7C60-4E26-8786-0C891C87CC44}.Debug|iPhoneSimulator.ActiveCfg = Debug|Any CPU
		{13D55BB3-7C60-4E26-8786-0C891C87CC44}.Debug|iPhoneSimulator.Build.0 = Debug|Any CPU
		{13D55BB3-7C60-4E26-8786-0C891C87CC44}.Debug|iPhoneSimulator.Deploy.0 = Debug|Any CPU
		{13D55BB3-7C60-4E26-8786-0C891C87CC44}.Debug|x64.ActiveCfg = Debug|Any CPU
		{13D55BB3-7C60-4E26-8786-0C891C87CC44}.Debug|x64.Build.0 = Debug|Any CPU
		{13D55BB3-7C60-4E26-8786-0C891C87CC44}.Debug|x64.Deploy.0 = Debug|Any CPU
		{13D55BB3-7C60-4E26-8786-0C891C87CC44}.Debug|x86.ActiveCfg = Debug|Any CPU
		{13D55BB3-7C60-4E26-8786-0C891C87CC44}.Debug|x86.Build.0 = Debug|Any CPU
		{13D55BB3-7C60-4E26-8786-0C891C87CC44}.Debug|x86.Deploy.0 = Debug|Any CPU
		{13D55BB3-7C60-4E26-8786-0C891C87CC44}.Release|Any CPU.ActiveCfg = Release|Any CPU
		{13D55BB3-7C60-4E26-8786-0C891C87CC44}.Release|Any CPU.Build.0 = Release|Any CPU
		{13D55BB3-7C60-4E26-8786-0C891C87CC44}.Release|Any CPU.Deploy.0 = Release|Any CPU
		{13D55BB3-7C60-4E26-8786-0C891C87CC44}.Release|ARM.ActiveCfg = Release|Any CPU
		{13D55BB3-7C60-4E26-8786-0C891C87CC44}.Release|ARM.Build.0 = Release|Any CPU
		{13D55BB3-7C60-4E26-8786-0C891C87CC44}.Release|ARM.Deploy.0 = Release|Any CPU
		{13D55BB3-7C60-4E26-8786-0C891C87CC44}.Release|iPhone.ActiveCfg = Release|Any CPU
		{13D55BB3-7C60-4E26-8786-0C891C87CC44}.Release|iPhone.Build.0 = Release|Any CPU
		{13D55BB3-7C60-4E26-8786-0C891C87CC44}.Release|iPhone.Deploy.0 = Release|Any CPU
		{13D55BB3-7C60-4E26-8786-0C891C87CC44}.Release|iPhoneSimulator.ActiveCfg = Release|Any CPU
		{13D55BB3-7C60-4E26-8786-0C891C87CC44}.Release|iPhoneSimulator.Build.0 = Release|Any CPU
		{13D55BB3-7C60-4E26-8786-0C891C87CC44}.Release|iPhoneSimulator.Deploy.0 = Release|Any CPU
		{13D55BB3-7C60-4E26-8786-0C891C87CC44}.Release|x64.ActiveCfg = Release|Any CPU
		{13D55BB3-7C60-4E26-8786-0C891C87CC44}.Release|x64.Build.0 = Release|Any CPU
		{13D55BB3-7C60-4E26-8786-0C891C87CC44}.Release|x64.Deploy.0 = Release|Any CPU
		{13D55BB3-7C60-4E26-8786-0C891C87CC44}.Release|x86.ActiveCfg = Release|Any CPU
		{13D55BB3-7C60-4E26-8786-0C891C87CC44}.Release|x86.Build.0 = Release|Any CPU
		{13D55BB3-7C60-4E26-8786-0C891C87CC44}.Release|x86.Deploy.0 = Release|Any CPU
		{4E5A4146-1522-4F2C-A519-C5942A0B6991}.Ad-Hoc|Any CPU.ActiveCfg = Release|Any CPU
		{4E5A4146-1522-4F2C-A519-C5942A0B6991}.Ad-Hoc|Any CPU.Build.0 = Release|Any CPU
		{4E5A4146-1522-4F2C-A519-C5942A0B6991}.Ad-Hoc|ARM.ActiveCfg = Release|Any CPU
		{4E5A4146-1522-4F2C-A519-C5942A0B6991}.Ad-Hoc|ARM.Build.0 = Release|Any CPU
		{4E5A4146-1522-4F2C-A519-C5942A0B6991}.Ad-Hoc|iPhone.ActiveCfg = Release|Any CPU
		{4E5A4146-1522-4F2C-A519-C5942A0B6991}.Ad-Hoc|iPhone.Build.0 = Release|Any CPU
		{4E5A4146-1522-4F2C-A519-C5942A0B6991}.Ad-Hoc|iPhoneSimulator.ActiveCfg = Release|Any CPU
		{4E5A4146-1522-4F2C-A519-C5942A0B6991}.Ad-Hoc|iPhoneSimulator.Build.0 = Release|Any CPU
		{4E5A4146-1522-4F2C-A519-C5942A0B6991}.Ad-Hoc|x64.ActiveCfg = Release|Any CPU
		{4E5A4146-1522-4F2C-A519-C5942A0B6991}.Ad-Hoc|x64.Build.0 = Release|Any CPU
		{4E5A4146-1522-4F2C-A519-C5942A0B6991}.Ad-Hoc|x86.ActiveCfg = Release|Any CPU
		{4E5A4146-1522-4F2C-A519-C5942A0B6991}.Ad-Hoc|x86.Build.0 = Release|Any CPU
		{4E5A4146-1522-4F2C-A519-C5942A0B6991}.AppStore|Any CPU.ActiveCfg = Release|Any CPU
		{4E5A4146-1522-4F2C-A519-C5942A0B6991}.AppStore|Any CPU.Build.0 = Release|Any CPU
		{4E5A4146-1522-4F2C-A519-C5942A0B6991}.AppStore|ARM.ActiveCfg = Release|Any CPU
		{4E5A4146-1522-4F2C-A519-C5942A0B6991}.AppStore|ARM.Build.0 = Release|Any CPU
		{4E5A4146-1522-4F2C-A519-C5942A0B6991}.AppStore|iPhone.ActiveCfg = Release|Any CPU
		{4E5A4146-1522-4F2C-A519-C5942A0B6991}.AppStore|iPhone.Build.0 = Release|Any CPU
		{4E5A4146-1522-4F2C-A519-C5942A0B6991}.AppStore|iPhoneSimulator.ActiveCfg = Release|Any CPU
		{4E5A4146-1522-4F2C-A519-C5942A0B6991}.AppStore|iPhoneSimulator.Build.0 = Release|Any CPU
		{4E5A4146-1522-4F2C-A519-C5942A0B6991}.AppStore|x64.ActiveCfg = Release|Any CPU
		{4E5A4146-1522-4F2C-A519-C5942A0B6991}.AppStore|x64.Build.0 = Release|Any CPU
		{4E5A4146-1522-4F2C-A519-C5942A0B6991}.AppStore|x86.ActiveCfg = Release|Any CPU
		{4E5A4146-1522-4F2C-A519-C5942A0B6991}.AppStore|x86.Build.0 = Release|Any CPU
		{4E5A4146-1522-4F2C-A519-C5942A0B6991}.Debug|Any CPU.ActiveCfg = Debug|Any CPU
		{4E5A4146-1522-4F2C-A519-C5942A0B6991}.Debug|Any CPU.Build.0 = Debug|Any CPU
		{4E5A4146-1522-4F2C-A519-C5942A0B6991}.Debug|ARM.ActiveCfg = Debug|Any CPU
		{4E5A4146-1522-4F2C-A519-C5942A0B6991}.Debug|ARM.Build.0 = Debug|Any CPU
		{4E5A4146-1522-4F2C-A519-C5942A0B6991}.Debug|iPhone.ActiveCfg = Debug|Any CPU
		{4E5A4146-1522-4F2C-A519-C5942A0B6991}.Debug|iPhone.Build.0 = Debug|Any CPU
		{4E5A4146-1522-4F2C-A519-C5942A0B6991}.Debug|iPhoneSimulator.ActiveCfg = Debug|Any CPU
		{4E5A4146-1522-4F2C-A519-C5942A0B6991}.Debug|iPhoneSimulator.Build.0 = Debug|Any CPU
		{4E5A4146-1522-4F2C-A519-C5942A0B6991}.Debug|x64.ActiveCfg = Debug|Any CPU
		{4E5A4146-1522-4F2C-A519-C5942A0B6991}.Debug|x64.Build.0 = Debug|Any CPU
		{4E5A4146-1522-4F2C-A519-C5942A0B6991}.Debug|x86.ActiveCfg = Debug|Any CPU
		{4E5A4146-1522-4F2C-A519-C5942A0B6991}.Debug|x86.Build.0 = Debug|Any CPU
		{4E5A4146-1522-4F2C-A519-C5942A0B6991}.Release|Any CPU.ActiveCfg = Release|Any CPU
		{4E5A4146-1522-4F2C-A519-C5942A0B6991}.Release|Any CPU.Build.0 = Release|Any CPU
		{4E5A4146-1522-4F2C-A519-C5942A0B6991}.Release|ARM.ActiveCfg = Release|Any CPU
		{4E5A4146-1522-4F2C-A519-C5942A0B6991}.Release|ARM.Build.0 = Release|Any CPU
		{4E5A4146-1522-4F2C-A519-C5942A0B6991}.Release|iPhone.ActiveCfg = Release|Any CPU
		{4E5A4146-1522-4F2C-A519-C5942A0B6991}.Release|iPhone.Build.0 = Release|Any CPU
		{4E5A4146-1522-4F2C-A519-C5942A0B6991}.Release|iPhoneSimulator.ActiveCfg = Release|Any CPU
		{4E5A4146-1522-4F2C-A519-C5942A0B6991}.Release|iPhoneSimulator.Build.0 = Release|Any CPU
		{4E5A4146-1522-4F2C-A519-C5942A0B6991}.Release|x64.ActiveCfg = Release|Any CPU
		{4E5A4146-1522-4F2C-A519-C5942A0B6991}.Release|x64.Build.0 = Release|Any CPU
		{4E5A4146-1522-4F2C-A519-C5942A0B6991}.Release|x86.ActiveCfg = Release|Any CPU
		{4E5A4146-1522-4F2C-A519-C5942A0B6991}.Release|x86.Build.0 = Release|Any CPU
	EndGlobalSection
	GlobalSection(SolutionProperties) = preSolution
		HideSolutionNode = FALSE
	EndGlobalSection
EndGlobal
